
Microsoft Visual Studio Solution File, Format Version 12.00
Project("{FAE04EC0-301F-11D3-BF4B-00C04F79EFBC}") = "LESNOY_EXTREME", "LESNOY_EXTREME\LESNOY_EXTREME.csproj", "{51502D1A-95C2-4F2C-B4FD-77F1F25798BA}"
EndProject
Global
	GlobalSection(SolutionConfigurationPlatforms) = preSolution
		Debug|Any CPU = Debug|Any CPU
		Release|Any CPU = Release|Any CPU
	EndGlobalSection
	GlobalSection(ProjectConfigurationPlatforms) = postSolution
		{51502D1A-95C2-4F2C-B4FD-77F1F25798BA}.Debug|Any CPU.ActiveCfg = Debug|Any CPU
		{51502D1A-95C2-4F2C-B4FD-77F1F25798BA}.Debug|Any CPU.Build.0 = Debug|Any CPU
		{51502D1A-95C2-4F2C-B4FD-77F1F25798BA}.Release|Any CPU.ActiveCfg = Release|Any CPU
		{51502D1A-95C2-4F2C-B4FD-77F1F25798BA}.Release|Any CPU.Build.0 = Release|Any CPU
	EndGlobalSection
EndGlobal
